
Microsoft Visual Studio Solution File, Format Version 12.00
# Visual Studio Version 16
VisualStudioVersion = 16.0.30413.136
MinimumVisualStudioVersion = 10.0.40219.1
Project("{8BC9CEB8-8B4A-11D0-8D11-00A0C91BC942}") = "qt_appWidget", "qt_appWidget\qt_appWidget.vcxproj", "{8368668F-CDC2-4F2C-965E-4B4BEAF4D26C}"
EndProject
Global
	GlobalSection(SolutionConfigurationPlatforms) = preSolution
		Debug|x64 = Debug|x64
		Release|x64 = Release|x64
	EndGlobalSection
	GlobalSection(ProjectConfigurationPlatforms) = postSolution
		{8368668F-CDC2-4F2C-965E-4B4BEAF4D26C}.Debug|x64.ActiveCfg = Debug|x64
		{8368668F-CDC2-4F2C-965E-4B4BEAF4D26C}.Debug|x64.Build.0 = Debug|x64
		{8368668F-CDC2-4F2C-965E-4B4BEAF4D26C}.Release|x64.ActiveCfg = Release|x64
		{8368668F-CDC2-4F2C-965E-4B4BEAF4D26C}.Release|x64.Build.0 = Release|x64
	EndGlobalSection
	GlobalSection(SolutionProperties) = preSolution
		HideSolutionNode = FALSE
	EndGlobalSection
	GlobalSection(ExtensibilityGlobals) = postSolution
		SolutionGuid = {9621B62E-3948-47E3-84FA-DD17306958D2}
	EndGlobalSection
EndGlobal
